
Microsoft Visual Studio Solution File, Format Version 12.00
# Visual Studio Version 17
VisualStudioVersion = 17.10.35027.167
MinimumVisualStudioVersion = 10.0.40219.1
Project("{FAE04EC0-301F-11D3-BF4B-00C04F79EFBC}") = "btlWEBNC", "btlWEBNC.csproj", "{C9B23E56-997E-47BC-8DFE-F226AF7A7AD8}"
EndProject
Global
	GlobalSection(SolutionConfigurationPlatforms) = preSolution
		Debug|Any CPU = Debug|Any CPU
		Release|Any CPU = Release|Any CPU
	EndGlobalSection
	GlobalSection(ProjectConfigurationPlatforms) = postSolution
		{C9B23E56-997E-47BC-8DFE-F226AF7A7AD8}.Debug|Any CPU.ActiveCfg = Debug|Any CPU
		{C9B23E56-997E-47BC-8DFE-F226AF7A7AD8}.Debug|Any CPU.Build.0 = Debug|Any CPU
		{C9B23E56-997E-47BC-8DFE-F226AF7A7AD8}.Release|Any CPU.ActiveCfg = Release|Any CPU
		{C9B23E56-997E-47BC-8DFE-F226AF7A7AD8}.Release|Any CPU.Build.0 = Release|Any CPU
	EndGlobalSection
	GlobalSection(SolutionProperties) = preSolution
		HideSolutionNode = FALSE
	EndGlobalSection
	GlobalSection(ExtensibilityGlobals) = postSolution
		SolutionGuid = {552953A0-15DA-481A-BA52-84F1396D3C7A}
	EndGlobalSection
EndGlobal
